
Microsoft Visual Studio Solution File, Format Version 12.00
# Visual Studio 15
VisualStudioVersion = 15.0.27703.2018
MinimumVisualStudioVersion = 10.0.40219.1
Project("{FAE04EC0-301F-11D3-BF4B-00C04F79EFBC}") = "video", "video\video.csproj", "{C05B58F7-B9A2-4428-B731-BBADE095F4B1}"
EndProject
Global
	GlobalSection(SolutionConfigurationPlatforms) = preSolution
		Debug|Any CPU = Debug|Any CPU
		Release|Any CPU = Release|Any CPU
	EndGlobalSection
	GlobalSection(ProjectConfigurationPlatforms) = postSolution
		{C05B58F7-B9A2-4428-B731-BBADE095F4B1}.Debug|Any CPU.ActiveCfg = Debug|Any CPU
		{C05B58F7-B9A2-4428-B731-BBADE095F4B1}.Debug|Any CPU.Build.0 = Debug|Any CPU
		{C05B58F7-B9A2-4428-B731-BBADE095F4B1}.Release|Any CPU.ActiveCfg = Release|Any CPU
		{C05B58F7-B9A2-4428-B731-BBADE095F4B1}.Release|Any CPU.Build.0 = Release|Any CPU
	EndGlobalSection
	GlobalSection(SolutionProperties) = preSolution
		HideSolutionNode = FALSE
	EndGlobalSection
	GlobalSection(ExtensibilityGlobals) = postSolution
		SolutionGuid = {5A0C9331-85AD-4D56-840C-FDCE6B90B9B0}
	EndGlobalSection
EndGlobal
